// !$*UTF8*$!
{
	archiveVersion = 1;
	classes = {
	};
	objectVersion = 46;
	objects = {

/* Begin PBXBuildFile section */
		550F7C061C86810E00D35739 /* AppDelegate.swift in Sources */ = {isa = PBXBuildFile; fileRef = 550F7C051C86810E00D35739 /* AppDelegate.swift */; };
		550F7C081C86810E00D35739 /* ViewController.swift in Sources */ = {isa = PBXBuildFile; fileRef = 550F7C071C86810E00D35739 /* ViewController.swift */; };
		550F7C0B1C86810E00D35739 /* Main.storyboard in Resources */ = {isa = PBXBuildFile; fileRef = 550F7C091C86810E00D35739 /* Main.storyboard */; };
		550F7C0E1C86810E00D35739 /* CatTown.xcdatamodeld in Sources */ = {isa = PBXBuildFile; fileRef = 550F7C0C1C86810E00D35739 /* CatTown.xcdatamodeld */; };
		550F7C101C86810E00D35739 /* Assets.xcassets in Resources */ = {isa = PBXBuildFile; fileRef = 550F7C0F1C86810E00D35739 /* Assets.xcassets */; };
		550F7C131C86810E00D35739 /* LaunchScreen.storyboard in Resources */ = {isa = PBXBuildFile; fileRef = 550F7C111C86810E00D35739 /* LaunchScreen.storyboard */; };
		550F7C1E1C86810E00D35739 /* CatTownTests.swift in Sources */ = {isa = PBXBuildFile; fileRef = 550F7C1D1C86810E00D35739 /* CatTownTests.swift */; };
		550F7C291C86810E00D35739 /* CatTownUITests.swift in Sources */ = {isa = PBXBuildFile; fileRef = 550F7C281C86810E00D35739 /* CatTownUITests.swift */; };
		550F7C371C8683E900D35739 /* TableViewController.swift in Sources */ = {isa = PBXBuildFile; fileRef = 550F7C361C8683E900D35739 /* TableViewController.swift */; };
		550F7C391C86840D00D35739 /* WebViewController.swift in Sources */ = {isa = PBXBuildFile; fileRef = 550F7C381C86840D00D35739 /* WebViewController.swift */; };
		550F7C3B1C86841800D35739 /* AnimationViewController.swift in Sources */ = {isa = PBXBuildFile; fileRef = 550F7C3A1C86841800D35739 /* AnimationViewController.swift */; };
		550F7C3D1C86842100D35739 /* PodViewController.swift in Sources */ = {isa = PBXBuildFile; fileRef = 550F7C3C1C86842100D35739 /* PodViewController.swift */; };
		550F7C3F1C868F7500D35739 /* CatTableViewCell.swift in Sources */ = {isa = PBXBuildFile; fileRef = 550F7C3E1C868F7500D35739 /* CatTableViewCell.swift */; };
		EE6FDFD578BACCC8186FB7A3 /* Pods.framework in Frameworks */ = {isa = PBXBuildFile; fileRef = 4836EF24E1A10AC03A359DBB /* Pods.framework */; };
/* End PBXBuildFile section */

/* Begin PBXContainerItemProxy section */
		550F7C1A1C86810E00D35739 /* PBXContainerItemProxy */ = {
			isa = PBXContainerItemProxy;
			containerPortal = 550F7BFA1C86810E00D35739 /* Project object */;
			proxyType = 1;
			remoteGlobalIDString = 550F7C011C86810E00D35739;
			remoteInfo = CatTown;
		};
		550F7C251C86810E00D35739 /* PBXContainerItemProxy */ = {
			isa = PBXContainerItemProxy;
			containerPortal = 550F7BFA1C86810E00D35739 /* Project object */;
			proxyType = 1;
			remoteGlobalIDString = 550F7C011C86810E00D35739;
			remoteInfo = CatTown;
		};
/* End PBXContainerItemProxy section */

/* Begin PBXFileReference section */
		2CDC5C86D1B213B235F299FB /* Pods.release.xcconfig */ = {isa = PBXFileReference; includeInIndex = 1; lastKnownFileType = text.xcconfig; name = Pods.release.xcconfig; path = "Pods/Target Support Files/Pods/Pods.release.xcconfig"; sourceTree = "<group>"; };
		4836EF24E1A10AC03A359DBB /* Pods.framework */ = {isa = PBXFileReference; explicitFileType = wrapper.framework; includeInIndex = 0; path = Pods.framework; sourceTree = BUILT_PRODUCTS_DIR; };
		550F7C021C86810E00D35739 /* CatTown.app */ = {isa = PBXFileReference; explicitFileType = wrapper.application; includeInIndex = 0; path = CatTown.app; sourceTree = BUILT_PRODUCTS_DIR; };
		550F7C051C86810E00D35739 /* AppDelegate.swift */ = {isa = PBXFileReference; lastKnownFileType = sourcecode.swift; path = AppDelegate.swift; sourceTree = "<group>"; };
		550F7C071C86810E00D35739 /* ViewController.swift */ = {isa = PBXFileReference; lastKnownFileType = sourcecode.swift; path = ViewController.swift; sourceTree = "<group>"; };
		550F7C0A1C86810E00D35739 /* Base */ = {isa = PBXFileReference; lastKnownFileType = file.storyboard; name = Base; path = Base.lproj/Main.storyboard; sourceTree = "<group>"; };
		550F7C0D1C86810E00D35739 /* CatTown.xcdatamodel */ = {isa = PBXFileReference; lastKnownFileType = wrapper.xcdatamodel; path = CatTown.xcdatamodel; sourceTree = "<group>"; };
		550F7C0F1C86810E00D35739 /* Assets.xcassets */ = {isa = PBXFileReference; lastKnownFileType = folder.assetcatalog; path = Assets.xcassets; sourceTree = "<group>"; };
		550F7C121C86810E00D35739 /* Base */ = {isa = PBXFileReference; lastKnownFileType = file.storyboard; name = Base; path = Base.lproj/LaunchScreen.storyboard; sourceTree = "<group>"; };
		550F7C141C86810E00D35739 /* Info.plist */ = {isa = PBXFileReference; lastKnownFileType = text.plist.xml; path = Info.plist; sourceTree = "<group>"; };
		550F7C191C86810E00D35739 /* CatTownTests.xctest */ = {isa = PBXFileReference; explicitFileType = wrapper.cfbundle; includeInIndex = 0; path = CatTownTests.xctest; sourceTree = BUILT_PRODUCTS_DIR; };
		550F7C1D1C86810E00D35739 /* CatTownTests.swift */ = {isa = PBXFileReference; lastKnownFileType = sourcecode.swift; path = CatTownTests.swift; sourceTree = "<group>"; };
		550F7C1F1C86810E00D35739 /* Info.plist */ = {isa = PBXFileReference; lastKnownFileType = text.plist.xml; path = Info.plist; sourceTree = "<group>"; };
		550F7C241C86810E00D35739 /* CatTownUITests.xctest */ = {isa = PBXFileReference; explicitFileType = wrapper.cfbundle; includeInIndex = 0; path = CatTownUITests.xctest; sourceTree = BUILT_PRODUCTS_DIR; };
		550F7C281C86810E00D35739 /* CatTownUITests.swift */ = {isa = PBXFileReference; lastKnownFileType = sourcecode.swift; path = CatTownUITests.swift; sourceTree = "<group>"; };
		550F7C2A1C86810E00D35739 /* Info.plist */ = {isa = PBXFileReference; lastKnownFileType = text.plist.xml; path = Info.plist; sourceTree = "<group>"; };
		550F7C361C8683E900D35739 /* TableViewController.swift */ = {isa = PBXFileReference; fileEncoding = 4; lastKnownFileType = sourcecode.swift; path = TableViewController.swift; sourceTree = "<group>"; };
		550F7C381C86840D00D35739 /* WebViewController.swift */ = {isa = PBXFileReference; fileEncoding = 4; lastKnownFileType = sourcecode.swift; path = WebViewController.swift; sourceTree = "<group>"; };
		550F7C3A1C86841800D35739 /* AnimationViewController.swift */ = {isa = PBXFileReference; fileEncoding = 4; lastKnownFileType = sourcecode.swift; path = AnimationViewController.swift; sourceTree = "<group>"; };
		550F7C3C1C86842100D35739 /* PodViewController.swift */ = {isa = PBXFileReference; fileEncoding = 4; lastKnownFileType = sourcecode.swift; path = PodViewController.swift; sourceTree = "<group>"; };
		550F7C3E1C868F7500D35739 /* CatTableViewCell.swift */ = {isa = PBXFileReference; fileEncoding = 4; lastKnownFileType = sourcecode.swift; path = CatTableViewCell.swift; sourceTree = "<group>"; };
		D4E5F5BC559DF41E0A9390CC /* Pods.debug.xcconfig */ = {isa = PBXFileReference; includeInIndex = 1; lastKnownFileType = text.xcconfig; name = Pods.debug.xcconfig; path = "Pods/Target Support Files/Pods/Pods.debug.xcconfig"; sourceTree = "<group>"; };
/* End PBXFileReference section */

/* Begin PBXFrameworksBuildPhase section */
		550F7BFF1C86810E00D35739 /* Frameworks */ = {
			isa = PBXFrameworksBuildPhase;
			buildActionMask = 2147483647;
			files = (
				EE6FDFD578BACCC8186FB7A3 /* Pods.framework in Frameworks */,
			);
			runOnlyForDeploymentPostprocessing = 0;
		};
		550F7C161C86810E00D35739 /* Frameworks */ = {
			isa = PBXFrameworksBuildPhase;
			buildActionMask = 2147483647;
			files = (
			);
			runOnlyForDeploymentPostprocessing = 0;
		};
		550F7C211C86810E00D35739 /* Frameworks */ = {
			isa = PBXFrameworksBuildPhase;
			buildActionMask = 2147483647;
			files = (
			);
			runOnlyForDeploymentPostprocessing = 0;
		};
/* End PBXFrameworksBuildPhase section */

/* Begin PBXGroup section */
		550F7BF91C86810E00D35739 = {
			isa = PBXGroup;
			children = (
				550F7C041C86810E00D35739 /* CatTown */,
				550F7C1C1C86810E00D35739 /* CatTownTests */,
				550F7C271C86810E00D35739 /* CatTownUITests */,
				550F7C031C86810E00D35739 /* Products */,
				B198DDCD4947CA3D68CC6599 /* Pods */,
				722B07E90330EBB65D9638E4 /* Frameworks */,
			);
			sourceTree = "<group>";
		};
		550F7C031C86810E00D35739 /* Products */ = {
			isa = PBXGroup;
			children = (
				550F7C021C86810E00D35739 /* CatTown.app */,
				550F7C191C86810E00D35739 /* CatTownTests.xctest */,
				550F7C241C86810E00D35739 /* CatTownUITests.xctest */,
			);
			name = Products;
			sourceTree = "<group>";
		};
		550F7C041C86810E00D35739 /* CatTown */ = {
			isa = PBXGroup;
			children = (
				550F7C051C86810E00D35739 /* AppDelegate.swift */,
				550F7C071C86810E00D35739 /* ViewController.swift */,
				550F7C091C86810E00D35739 /* Main.storyboard */,
				550F7C381C86840D00D35739 /* WebViewController.swift */,
				550F7C3A1C86841800D35739 /* AnimationViewController.swift */,
				550F7C3E1C868F7500D35739 /* CatTableViewCell.swift */,
				550F7C3C1C86842100D35739 /* PodViewController.swift */,
				550F7C361C8683E900D35739 /* TableViewController.swift */,
				550F7C0F1C86810E00D35739 /* Assets.xcassets */,
				550F7C111C86810E00D35739 /* LaunchScreen.storyboard */,
				550F7C141C86810E00D35739 /* Info.plist */,
				550F7C0C1C86810E00D35739 /* CatTown.xcdatamodeld */,
			);
			path = CatTown;
			sourceTree = "<group>";
		};
		550F7C1C1C86810E00D35739 /* CatTownTests */ = {
			isa = PBXGroup;
			children = (
				550F7C1D1C86810E00D35739 /* CatTownTests.swift */,
				550F7C1F1C86810E00D35739 /* Info.plist */,
			);
			path = CatTownTests;
			sourceTree = "<group>";
		};
		550F7C271C86810E00D35739 /* CatTownUITests */ = {
			isa = PBXGroup;
			children = (
				550F7C281C86810E00D35739 /* CatTownUITests.swift */,
				550F7C2A1C86810E00D35739 /* Info.plist */,
			);
			path = CatTownUITests;
			sourceTree = "<group>";
		};
		722B07E90330EBB65D9638E4 /* Frameworks */ = {
			isa = PBXGroup;
			children = (
				4836EF24E1A10AC03A359DBB /* Pods.framework */,
			);
			name = Frameworks;
			sourceTree = "<group>";
		};
		B198DDCD4947CA3D68CC6599 /* Pods */ = {
			isa = PBXGroup;
			children = (
				D4E5F5BC559DF41E0A9390CC /* Pods.debug.xcconfig */,
				2CDC5C86D1B213B235F299FB /* Pods.release.xcconfig */,
			);
			name = Pods;
			sourceTree = "<group>";
		};
/* End PBXGroup section */

/* Begin PBXNativeTarget section */
		550F7C011C86810E00D35739 /* CatTown */ = {
			isa = PBXNativeTarget;
			buildConfigurationList = 550F7C2D1C86810E00D35739 /* Build configuration list for PBXNativeTarget "CatTown" */;
			buildPhases = (
				34788FB7C61AE038CB03DAC5 /* Check Pods Manifest.lock */,
				550F7BFE1C86810E00D35739 /* Sources */,
				550F7BFF1C86810E00D35739 /* Frameworks */,
				550F7C001C86810E00D35739 /* Resources */,
				39896424562C957B57CA5AEC /* Embed Pods Frameworks */,
				5B5A823792B20DD0F37A1889 /* Copy Pods Resources */,
			);
			buildRules = (
			);
			dependencies = (
			);
			name = CatTown;
			productName = CatTown;
			productReference = 550F7C021C86810E00D35739 /* CatTown.app */;
			productType = "com.apple.product-type.application";
		};
		550F7C181C86810E00D35739 /* CatTownTests */ = {
			isa = PBXNativeTarget;
			buildConfigurationList = 550F7C301C86810E00D35739 /* Build configuration list for PBXNativeTarget "CatTownTests" */;
			buildPhases = (
				550F7C151C86810E00D35739 /* Sources */,
				550F7C161C86810E00D35739 /* Frameworks */,
				550F7C171C86810E00D35739 /* Resources */,
			);
			buildRules = (
			);
			dependencies = (
				550F7C1B1C86810E00D35739 /* PBXTargetDependency */,
			);
			name = CatTownTests;
			productName = CatTownTests;
			productReference = 550F7C191C86810E00D35739 /* CatTownTests.xctest */;
			productType = "com.apple.product-type.bundle.unit-test";
		};
		550F7C231C86810E00D35739 /* CatTownUITests */ = {
			isa = PBXNativeTarget;
			buildConfigurationList = 550F7C331C86810E00D35739 /* Build configuration list for PBXNativeTarget "CatTownUITests" */;
			buildPhases = (
				550F7C201C86810E00D35739 /* Sources */,
				550F7C211C86810E00D35739 /* Frameworks */,
				550F7C221C86810E00D35739 /* Resources */,
			);
			buildRules = (
			);
			dependencies = (
				550F7C261C86810E00D35739 /* PBXTargetDependency */,
			);
			name = CatTownUITests;
			productName = CatTownUITests;
			productReference = 550F7C241C86810E00D35739 /* CatTownUITests.xctest */;
			productType = "com.apple.product-type.bundle.ui-testing";
		};
/* End PBXNativeTarget section */

/* Begin PBXProject section */
		550F7BFA1C86810E00D35739 /* Project object */ = {
			isa = PBXProject;
			attributes = {
				LastSwiftUpdateCheck = 0720;
				LastUpgradeCheck = 0720;
				ORGANIZATIONNAME = "Kristin Ho";
				TargetAttributes = {
					550F7C011C86810E00D35739 = {
						CreatedOnToolsVersion = 7.2.1;
					};
					550F7C181C86810E00D35739 = {
						CreatedOnToolsVersion = 7.2.1;
						TestTargetID = 550F7C011C86810E00D35739;
					};
					550F7C231C86810E00D35739 = {
						CreatedOnToolsVersion = 7.2.1;
						TestTargetID = 550F7C011C86810E00D35739;
					};
				};
			};
			buildConfigurationList = 550F7BFD1C86810E00D35739 /* Build configuration list for PBXProject "CatTown" */;
			compatibilityVersion = "Xcode 3.2";
			developmentRegion = English;
			hasScannedForEncodings = 0;
			knownRegions = (
				en,
				Base,
			);
			mainGroup = 550F7BF91C86810E00D35739;
			productRefGroup = 550F7C031C86810E00D35739 /* Products */;
			projectDirPath = "";
			projectRoot = "";
			targets = (
				550F7C011C86810E00D35739 /* CatTown */,
				550F7C181C86810E00D35739 /* CatTownTests */,
				550F7C231C86810E00D35739 /* CatTownUITests */,
			);
		};
/* End PBXProject section */

/* Begin PBXResourcesBuildPhase section */
		550F7C001C86810E00D35739 /* Resources */ = {
			isa = PBXResourcesBuildPhase;
			buildActionMask = 2147483647;
			files = (
				550F7C131C86810E00D35739 /* LaunchScreen.storyboard in Resources */,
				550F7C101C86810E00D35739 /* Assets.xcassets in Resources */,
				550F7C0B1C86810E00D35739 /* Main.storyboard in Resources */,
			);
			runOnlyForDeploymentPostprocessing = 0;
		};
		550F7C171C86810E00D35739 /* Resources */ = {
			isa = PBXResourcesBuildPhase;
			buildActionMask = 2147483647;
			files = (
			);
			runOnlyForDeploymentPostprocessing = 0;
		};
		550F7C221C86810E00D35739 /* Resources */ = {
			isa = PBXResourcesBuildPhase;
			buildActionMask = 2147483647;
			files = (
			);
			runOnlyForDeploymentPostprocessing = 0;
		};
/* End PBXResourcesBuildPhase section */

/* Begin PBXShellScriptBuildPhase section */
		34788FB7C61AE038CB03DAC5 /* Check Pods Manifest.lock */ = {
			isa = PBXShellScriptBuildPhase;
			buildActionMask = 2147483647;
			files = (
			);
			inputPaths = (
			);
			name = "Check Pods Manifest.lock";
			outputPaths = (
			);
			runOnlyForDeploymentPostprocessing = 0;
			shellPath = /bin/sh;
			shellScript = "diff \"${PODS_ROOT}/../Podfile.lock\" \"${PODS_ROOT}/Manifest.lock\" > /dev/null\nif [[ $? != 0 ]] ; then\n    cat << EOM\nerror: The sandbox is not in sync with the Podfile.lock. Run 'pod install' or update your CocoaPods installation.\nEOM\n    exit 1\nfi\n";
			showEnvVarsInLog = 0;
		};
		39896424562C957B57CA5AEC /* Embed Pods Frameworks */ = {
			isa = PBXShellScriptBuildPhase;
			buildActionMask = 2147483647;
			files = (
			);
			inputPaths = (
			);
			name = "Embed Pods Frameworks";
			outputPaths = (
			);
			runOnlyForDeploymentPostprocessing = 0;
			shellPath = /bin/sh;
			shellScript = "\"${SRCROOT}/Pods/Target Support Files/Pods/Pods-frameworks.sh\"\n";
			showEnvVarsInLog = 0;
		};
		5B5A823792B20DD0F37A1889 /* Copy Pods Resources */ = {
			isa = PBXShellScriptBuildPhase;
			buildActionMask = 2147483647;
			files = (
			);
			inputPaths = (
			);
			name = "Copy Pods Resources";
			outputPaths = (
			);
			runOnlyForDeploymentPostprocessing = 0;
			shellPath = /bin/sh;
			shellScript = "\"${SRCROOT}/Pods/Target Support Files/Pods/Pods-resources.sh\"\n";
			showEnvVarsInLog = 0;
		};
/* End PBXShellScriptBuildPhase section */

/* Begin PBXSourcesBuildPhase section */
		550F7BFE1C86810E00D35739 /* Sources */ = {
			isa = PBXSourcesBuildPhase;
			buildActionMask = 2147483647;
			files = (
				550F7C081C86810E00D35739 /* ViewController.swift in Sources */,
				550F7C0E1C86810E00D35739 /* CatTown.xcdatamodeld in Sources */,
				550F7C061C86810E00D35739 /* AppDelegate.swift in Sources */,
				550F7C3D1C86842100D35739 /* PodViewController.swift in Sources */,
				550F7C3F1C868F7500D35739 /* CatTableViewCell.swift in Sources */,
				550F7C3B1C86841800D35739 /* AnimationViewController.swift in Sources */,
				550F7C391C86840D00D35739 /* WebViewController.swift in Sources */,
				550F7C371C8683E900D35739 /* TableViewController.swift in Sources */,
			);
			runOnlyForDeploymentPostprocessing = 0;
		};
		550F7C151C86810E00D35739 /* Sources */ = {
			isa = PBXSourcesBuildPhase;
			buildActionMask = 2147483647;
			files = (
				550F7C1E1C86810E00D35739 /* CatTownTests.swift in Sources */,
			);
			runOnlyForDeploymentPostprocessing = 0;
		};
		550F7C201C86810E00D35739 /* Sources */ = {
			isa = PBXSourcesBuildPhase;
			buildActionMask = 2147483647;
			files = (
				550F7C291C86810E00D35739 /* CatTownUITests.swift in Sources */,
			);
			runOnlyForDeploymentPostprocessing = 0;
		};
/* End PBXSourcesBuildPhase section */

/* Begin PBXTargetDependency section */
		550F7C1B1C86810E00D35739 /* PBXTargetDependency */ = {
			isa = PBXTargetDependency;
			target = 550F7C011C86810E00D35739 /* CatTown */;
			targetProxy = 550F7C1A1C86810E00D35739 /* PBXContainerItemProxy */;
		};
		550F7C261C86810E00D35739 /* PBXTargetDependency */ = {
			isa = PBXTargetDependency;
			target = 550F7C011C86810E00D35739 /* CatTown */;
			targetProxy = 550F7C251C86810E00D35739 /* PBXContainerItemProxy */;
		};
/* End PBXTargetDependency section */

/* Begin PBXVariantGroup section */
		550F7C091C86810E00D35739 /* Main.storyboard */ = {
			isa = PBXVariantGroup;
			children = (
				550F7C0A1C86810E00D35739 /* Base */,
			);
			name = Main.storyboard;
			sourceTree = "<group>";
		};
		550F7C111C86810E00D35739 /* LaunchScreen.storyboard */ = {
			isa = PBXVariantGroup;
			children = (
				550F7C121C86810E00D35739 /* Base */,
			);
			name = LaunchScreen.storyboard;
			sourceTree = "<group>";
		};
/* End PBXVariantGroup section */

/* Begin XCBuildConfiguration section */
		550F7C2B1C86810E00D35739 /* Debug */ = {
			isa = XCBuildConfiguration;
			buildSettings = {
				ALWAYS_SEARCH_USER_PATHS = NO;
				CLANG_CXX_LANGUAGE_STANDARD = "gnu++0x";
				CLANG_CXX_LIBRARY = "libc++";
				CLANG_ENABLE_MODULES = YES;
				CLANG_ENABLE_OBJC_ARC = YES;
				CLANG_WARN_BOOL_CONVERSION = YES;
				CLANG_WARN_CONSTANT_CONVERSION = YES;
				CLANG_WARN_DIRECT_OBJC_ISA_USAGE = YES_ERROR;
				CLANG_WARN_EMPTY_BODY = YES;
				CLANG_WARN_ENUM_CONVERSION = YES;
				CLANG_WARN_INT_CONVERSION = YES;
				CLANG_WARN_OBJC_ROOT_CLASS = YES_ERROR;
				CLANG_WARN_UNREACHABLE_CODE = YES;
				CLANG_WARN__DUPLICATE_METHOD_MATCH = YES;
				"CODE_SIGN_IDENTITY[sdk=iphoneos*]" = "iPhone Developer";
				COPY_PHASE_STRIP = NO;
				DEBUG_INFORMATION_FORMAT = dwarf;
				ENABLE_STRICT_OBJC_MSGSEND = YES;
				ENABLE_TESTABILITY = YES;
				GCC_C_LANGUAGE_STANDARD = gnu99;
				GCC_DYNAMIC_NO_PIC = NO;
				GCC_NO_COMMON_BLOCKS = YES;
				GCC_OPTIMIZATION_LEVEL = 0;
				GCC_PREPROCESSOR_DEFINITIONS = (
					"DEBUG=1",
					"$(inherited)",
				);
				GCC_WARN_64_TO_32_BIT_CONVERSION = YES;
				GCC_WARN_ABOUT_RETURN_TYPE = YES_ERROR;
				GCC_WARN_UNDECLARED_SELECTOR = YES;
				GCC_WARN_UNINITIALIZED_AUTOS = YES_AGGRESSIVE;
				GCC_WARN_UNUSED_FUNCTION = YES;
				GCC_WARN_UNUSED_VARIABLE = YES;
				IPHONEOS_DEPLOYMENT_TARGET = 9.2;
				MTL_ENABLE_DEBUG_INFO = YES;
				ONLY_ACTIVE_ARCH = YES;
				SDKROOT = iphoneos;
				SWIFT_OPTIMIZATION_LEVEL = "-Onone";
				TARGETED_DEVICE_FAMILY = "1,2";
			};
			name = Debug;
		};
		550F7C2C1C86810E00D35739 /* Release */ = {
			isa = XCBuildConfiguration;
			buildSettings = {
				ALWAYS_SEARCH_USER_PATHS = NO;
				CLANG_CXX_LANGUAGE_STANDARD = "gnu++0x";
				CLANG_CXX_LIBRARY = "libc++";
				CLANG_ENABLE_MODULES = YES;
				CLANG_ENABLE_OBJC_ARC = YES;
				CLANG_WARN_BOOL_CONVERSION = YES;
				CLANG_WARN_CONSTANT_CONVERSION = YES;
				CLANG_WARN_DIRECT_OBJC_ISA_USAGE = YES_ERROR;
				CLANG_WARN_EMPTY_BODY = YES;
				CLANG_WARN_ENUM_CONVERSION = YES;
				CLANG_WARN_INT_CONVERSION = YES;
				CLANG_WARN_OBJC_ROOT_CLASS = YES_ERROR;
				CLANG_WARN_UNREACHABLE_CODE = YES;
				CLANG_WARN__DUPLICATE_METHOD_MATCH = YES;
				"CODE_SIGN_IDENTITY[sdk=iphoneos*]" = "iPhone Developer";
				COPY_PHASE_STRIP = NO;
				DEBUG_INFORMATION_FORMAT = "dwarf-with-dsym";
				ENABLE_NS_ASSERTIONS = NO;
				ENABLE_STRICT_OBJC_MSGSEND = YES;
				GCC_C_LANGUAGE_STANDARD = gnu99;
				GCC_NO_COMMON_BLOCKS = YES;
				GCC_WARN_64_TO_32_BIT_CONVERSION = YES;
				GCC_WARN_ABOUT_RETURN_TYPE = YES_ERROR;
				GCC_WARN_UNDECLARED_SELECTOR = YES;
				GCC_WARN_UNINITIALIZED_AUTOS = YES_AGGRESSIVE;
				GCC_WARN_UNUSED_FUNCTION = YES;
				GCC_WARN_UNUSED_VARIABLE = YES;
				IPHONEOS_DEPLOYMENT_TARGET = 9.2;
				MTL_ENABLE_DEBUG_INFO = NO;
				SDKROOT = iphoneos;
				TARGETED_DEVICE_FAMILY = "1,2";
				VALIDATE_PRODUCT = YES;
			};
			name = Release;
		};
		550F7C2E1C86810E00D35739 /* Debug */ = {
			isa = XCBuildConfiguration;
			baseConfigurationReference = D4E5F5BC559DF41E0A9390CC /* Pods.debug.xcconfig */;
			buildSettings = {
				ASSETCATALOG_COMPILER_APPICON_NAME = AppIcon;
				INFOPLIST_FILE = CatTown/Info.plist;
				LD_RUNPATH_SEARCH_PATHS = "$(inherited) @executable_path/Frameworks";
				PRODUCT_BUNDLE_IDENTIFIER = com.KristinHo.CatTown;
				PRODUCT_NAME = "$(TARGET_NAME)";
			};
			name = Debug;
		};
		550F7C2F1C86810E00D35739 /* Release */ = {
			isa = XCBuildConfiguration;
			baseConfigurationReference = 2CDC5C86D1B213B235F299FB /* Pods.release.xcconfig */;
			buildSettings = {
				ASSETCATALOG_COMPILER_APPICON_NAME = AppIcon;
				INFOPLIST_FILE = CatTown/Info.plist;
				LD_RUNPATH_SEARCH_PATHS = "$(inherited) @executable_path/Frameworks";
				PRODUCT_BUNDLE_IDENTIFIER = com.KristinHo.CatTown;
				PRODUCT_NAME = "$(TARGET_NAME)";
			};
			name = Release;
		};
		550F7C311C86810E00D35739 /* Debug */ = {
			isa = XCBuildConfiguration;
			buildSettings = {
				BUNDLE_LOADER = "$(TEST_HOST)";
				INFOPLIST_FILE = CatTownTests/Info.plist;
				LD_RUNPATH_SEARCH_PATHS = "$(inherited) @executable_path/Frameworks @loader_path/Frameworks";
				PRODUCT_BUNDLE_IDENTIFIER = com.KristinHo.CatTownTests;
				PRODUCT_NAME = "$(TARGET_NAME)";
				TEST_HOST = "$(BUILT_PRODUCTS_DIR)/CatTown.app/CatTown";
			};
			name = Debug;
		};
		550F7C321C86810E00D35739 /* Release */ = {
			isa = XCBuildConfiguration;
			buildSettings = {
				BUNDLE_LOADER = "$(TEST_HOST)";
				INFOPLIST_FILE = CatTownTests/Info.plist;
				LD_RUNPATH_SEARCH_PATHS = "$(inherited) @executable_path/Frameworks @loader_path/Frameworks";
				PRODUCT_BUNDLE_IDENTIFIER = com.KristinHo.CatTownTests;
				PRODUCT_NAME = "$(TARGET_NAME)";
				TEST_HOST = "$(BUILT_PRODUCTS_DIR)/CatTown.app/CatTown";
			};
			name = Release;
		};
		550F7C341C86810E00D35739 /* Debug */ = {
			isa = XCBuildConfiguration;
			buildSettings = {
				INFOPLIST_FILE = CatTownUITests/Info.plist;
				LD_RUNPATH_SEARCH_PATHS = "$(inherited) @executable_path/Frameworks @loader_path/Frameworks";
				PRODUCT_BUNDLE_IDENTIFIER = com.KristinHo.CatTownUITests;
				PRODUCT_NAME = "$(TARGET_NAME)";
				TEST_TARGET_NAME = CatTown;
				USES_XCTRUNNER = YES;
			};
			name = Debug;
		};
		550F7C351C86810E00D35739 /* Release */ = {
			isa = XCBuildConfiguration;
			buildSettings = {
				INFOPLIST_FILE = CatTownUITests/Info.plist;
				LD_RUNPATH_SEARCH_PATHS = "$(inherited) @executable_path/Frameworks @loader_path/Frameworks";
				PRODUCT_BUNDLE_IDENTIFIER = com.KristinHo.CatTownUITests;
				PRODUCT_NAME = "$(TARGET_NAME)";
				TEST_TARGET_NAME = CatTown;
				USES_XCTRUNNER = YES;
			};
			name = Release;
		};
/* End XCBuildConfiguration section */

/* Begin XCConfigurationList section */
		550F7BFD1C86810E00D35739 /* Build configuration list for PBXProject "CatTown" */ = {
			isa = XCConfigurationList;
			buildConfigurations = (
				550F7C2B1C86810E00D35739 /* Debug */,
				550F7C2C1C86810E00D35739 /* Release */,
			);
			defaultConfigurationIsVisible = 0;
			defaultConfigurationName = Release;
		};
		550F7C2D1C86810E00D35739 /* Build configuration list for PBXNativeTarget "CatTown" */ = {
			isa = XCConfigurationList;
			buildConfigurations = (
				550F7C2E1C86810E00D35739 /* Debug */,
				550F7C2F1C86810E00D35739 /* Release */,
			);
			defaultConfigurationIsVisible = 0;
			defaultConfigurationName = Release;
		};
		550F7C301C86810E00D35739 /* Build configuration list for PBXNativeTarget "CatTownTests" */ = {
			isa = XCConfigurationList;
			buildConfigurations = (
				550F7C311C86810E00D35739 /* Debug */,
				550F7C321C86810E00D35739 /* Release */,
			);
			defaultConfigurationIsVisible = 0;
			defaultConfigurationName = Release;
		};
		550F7C331C86810E00D35739 /* Build configuration list for PBXNativeTarget "CatTownUITests" */ = {
			isa = XCConfigurationList;
			buildConfigurations = (
				550F7C341C86810E00D35739 /* Debug */,
				550F7C351C86810E00D35739 /* Release */,
			);
			defaultConfigurationIsVisible = 0;
			defaultConfigurationName = Release;
		};
/* End XCConfigurationList section */

/* Begin XCVersionGroup section */
		550F7C0C1C86810E00D35739 /* CatTown.xcdatamodeld */ = {
			isa = XCVersionGroup;
			children = (
				550F7C0D1C86810E00D35739 /* CatTown.xcdatamodel */,
			);
			currentVersion = 550F7C0D1C86810E00D35739 /* CatTown.xcdatamodel */;
			path = CatTown.xcdatamodeld;
			sourceTree = "<group>";
			versionGroupType = wrapper.xcdatamodel;
		};
/* End XCVersionGroup section */
	};
	rootObject = 550F7BFA1C86810E00D35739 /* Project object */;
}
